
Microsoft Visual Studio Solution File, Format Version 12.00
# Visual Studio Version 17
VisualStudioVersion = 17.3.32901.215
MinimumVisualStudioVersion = 10.0.40219.1
Project("{FAE04EC0-301F-11D3-BF4B-00C04F79EFBC}") = "Klub1B", "Klub1B\Klub1B.csproj", "{A2881F52-8BD6-440B-8A3D-1CD79B0FA392}"
EndProject
Global
	GlobalSection(SolutionConfigurationPlatforms) = preSolution
		Debug|Any CPU = Debug|Any CPU
		Release|Any CPU = Release|Any CPU
	EndGlobalSection
	GlobalSection(ProjectConfigurationPlatforms) = postSolution
		{A2881F52-8BD6-440B-8A3D-1CD79B0FA392}.Debug|Any CPU.ActiveCfg = Debug|Any CPU
		{A2881F52-8BD6-440B-8A3D-1CD79B0FA392}.Debug|Any CPU.Build.0 = Debug|Any CPU
		{A2881F52-8BD6-440B-8A3D-1CD79B0FA392}.Release|Any CPU.ActiveCfg = Release|Any CPU
		{A2881F52-8BD6-440B-8A3D-1CD79B0FA392}.Release|Any CPU.Build.0 = Release|Any CPU
	EndGlobalSection
	GlobalSection(SolutionProperties) = preSolution
		HideSolutionNode = FALSE
	EndGlobalSection
	GlobalSection(ExtensibilityGlobals) = postSolution
		SolutionGuid = {485D4557-EC1A-4DB6-9244-F213F9B682DF}
	EndGlobalSection
EndGlobal
